// !$*UTF8*$!
{
	archiveVersion = 1;
	classes = {
	};
	objectVersion = 55;
	objects = {

/* Begin PBXBuildFile section */
		0A074F0A2B0885BB00625D4E /* Header.swift in Sources */ = {isa = PBXBuildFile; fileRef = 0A074F092B0885BB00625D4E /* Header.swift */; };
		0A074F0C2B08866B00625D4E /* ContentView.swift in Sources */ = {isa = PBXBuildFile; fileRef = 0A074F0B2B08866B00625D4E /* ContentView.swift */; };
		0A074F0E2B08873800625D4E /* BlueCard.swift in Sources */ = {isa = PBXBuildFile; fileRef = 0A074F0D2B08873800625D4E /* BlueCard.swift */; };
		0A074F102B0887F000625D4E /* OptionsBlock.swift in Sources */ = {isa = PBXBuildFile; fileRef = 0A074F0F2B0887F000625D4E /* OptionsBlock.swift */; };
		0A39FFAF2B09E4E100EFE5C1 /* CalendarView.swift in Sources */ = {isa = PBXBuildFile; fileRef = 0A39FFAE2B09E4E100EFE5C1 /* CalendarView.swift */; };
		0A39FFB12B09E57100EFE5C1 /* MessagesView.swift in Sources */ = {isa = PBXBuildFile; fileRef = 0A39FFB02B09E57100EFE5C1 /* MessagesView.swift */; };
		0A39FFB32B09E5C600EFE5C1 /* ProfileVIew.swift in Sources */ = {isa = PBXBuildFile; fileRef = 0A39FFB22B09E5C600EFE5C1 /* ProfileVIew.swift */; };
		0A39FFB52B09EA1E00EFE5C1 /* HomeView.swift in Sources */ = {isa = PBXBuildFile; fileRef = 0A39FFB42B09EA1E00EFE5C1 /* HomeView.swift */; };
		0A39FFBF2B09EC4D00EFE5C1 /* Data.swift in Sources */ = {isa = PBXBuildFile; fileRef = 0A39FFBE2B09EC4D00EFE5C1 /* Data.swift */; };
		0A776AF32B08DBA6004AD1A6 /* Poppins-Bold.ttf in Resources */ = {isa = PBXBuildFile; fileRef = 0A776AEE2B08DBA6004AD1A6 /* Poppins-Bold.ttf */; };
		0A776AF42B08DBA6004AD1A6 /* Poppins-Light.ttf in Resources */ = {isa = PBXBuildFile; fileRef = 0A776AEF2B08DBA6004AD1A6 /* Poppins-Light.ttf */; };
		0A776AF52B08DBA6004AD1A6 /* Poppins-Regular.ttf in Resources */ = {isa = PBXBuildFile; fileRef = 0A776AF02B08DBA6004AD1A6 /* Poppins-Regular.ttf */; };
		0A776AF62B08DBA6004AD1A6 /* Poppins-SemiBold.ttf in Resources */ = {isa = PBXBuildFile; fileRef = 0A776AF12B08DBA6004AD1A6 /* Poppins-SemiBold.ttf */; };
		0A776AF72B08DBA6004AD1A6 /* Poppins-Thin.ttf in Resources */ = {isa = PBXBuildFile; fileRef = 0A776AF22B08DBA6004AD1A6 /* Poppins-Thin.ttf */; };
		0A8DB7F72B0698D7006A447F /* sceenIosApp.swift in Sources */ = {isa = PBXBuildFile; fileRef = 0A8DB7F62B0698D7006A447F /* sceenIosApp.swift */; };
		0A8DB7FB2B0698D9006A447F /* Assets.xcassets in Resources */ = {isa = PBXBuildFile; fileRef = 0A8DB7FA2B0698D9006A447F /* Assets.xcassets */; };
		0A8DB7FE2B0698D9006A447F /* Preview Assets.xcassets in Resources */ = {isa = PBXBuildFile; fileRef = 0A8DB7FD2B0698D9006A447F /* Preview Assets.xcassets */; };
		0ACF8A7E2B0896F1009DA95E /* Fonts.swift in Sources */ = {isa = PBXBuildFile; fileRef = 0ACF8A7D2B0896F1009DA95E /* Fonts.swift */; };
		0ACF8A812B089DEA009DA95E /* Colors.swift in Sources */ = {isa = PBXBuildFile; fileRef = 0ACF8A802B089DEA009DA95E /* Colors.swift */; };
		0ACF8A872B08C462009DA95E /* Sizes.swift in Sources */ = {isa = PBXBuildFile; fileRef = 0ACF8A862B08C462009DA95E /* Sizes.swift */; };
		0ACF8A892B08D08C009DA95E /* SearchBar.swift in Sources */ = {isa = PBXBuildFile; fileRef = 0ACF8A882B08D08C009DA95E /* SearchBar.swift */; };
		0ACF8A8B2B08D9DC009DA95E /* NearDoctorsBlock.swift in Sources */ = {isa = PBXBuildFile; fileRef = 0ACF8A8A2B08D9DC009DA95E /* NearDoctorsBlock.swift */; };
/* End PBXBuildFile section */

/* Begin PBXFileReference section */
		0A074F092B0885BB00625D4E /* Header.swift */ = {isa = PBXFileReference; lastKnownFileType = sourcecode.swift; path = Header.swift; sourceTree = "<group>"; };
		0A074F0B2B08866B00625D4E /* ContentView.swift */ = {isa = PBXFileReference; fileEncoding = 4; lastKnownFileType = sourcecode.swift; path = ContentView.swift; sourceTree = "<group>"; };
		0A074F0D2B08873800625D4E /* BlueCard.swift */ = {isa = PBXFileReference; lastKnownFileType = sourcecode.swift; path = BlueCard.swift; sourceTree = "<group>"; };
		0A074F0F2B0887F000625D4E /* OptionsBlock.swift */ = {isa = PBXFileReference; lastKnownFileType = sourcecode.swift; path = OptionsBlock.swift; sourceTree = "<group>"; };
		0A39FFAE2B09E4E100EFE5C1 /* CalendarView.swift */ = {isa = PBXFileReference; lastKnownFileType = sourcecode.swift; path = CalendarView.swift; sourceTree = "<group>"; };
		0A39FFB02B09E57100EFE5C1 /* MessagesView.swift */ = {isa = PBXFileReference; lastKnownFileType = sourcecode.swift; path = MessagesView.swift; sourceTree = "<group>"; };
		0A39FFB22B09E5C600EFE5C1 /* ProfileVIew.swift */ = {isa = PBXFileReference; lastKnownFileType = sourcecode.swift; path = ProfileVIew.swift; sourceTree = "<group>"; };
		0A39FFB42B09EA1E00EFE5C1 /* HomeView.swift */ = {isa = PBXFileReference; lastKnownFileType = sourcecode.swift; path = HomeView.swift; sourceTree = "<group>"; };
		0A39FFBE2B09EC4D00EFE5C1 /* Data.swift */ = {isa = PBXFileReference; lastKnownFileType = sourcecode.swift; path = Data.swift; sourceTree = "<group>"; };
		0A776AEE2B08DBA6004AD1A6 /* Poppins-Bold.ttf */ = {isa = PBXFileReference; lastKnownFileType = file; path = "Poppins-Bold.ttf"; sourceTree = "<group>"; };
		0A776AEF2B08DBA6004AD1A6 /* Poppins-Light.ttf */ = {isa = PBXFileReference; lastKnownFileType = file; path = "Poppins-Light.ttf"; sourceTree = "<group>"; };
		0A776AF02B08DBA6004AD1A6 /* Poppins-Regular.ttf */ = {isa = PBXFileReference; lastKnownFileType = file; path = "Poppins-Regular.ttf"; sourceTree = "<group>"; };
		0A776AF12B08DBA6004AD1A6 /* Poppins-SemiBold.ttf */ = {isa = PBXFileReference; lastKnownFileType = file; path = "Poppins-SemiBold.ttf"; sourceTree = "<group>"; };
		0A776AF22B08DBA6004AD1A6 /* Poppins-Thin.ttf */ = {isa = PBXFileReference; lastKnownFileType = file; path = "Poppins-Thin.ttf"; sourceTree = "<group>"; };
		0A8DB7F32B0698D7006A447F /* sceenIos.app */ = {isa = PBXFileReference; explicitFileType = wrapper.application; includeInIndex = 0; path = sceenIos.app; sourceTree = BUILT_PRODUCTS_DIR; };
		0A8DB7F62B0698D7006A447F /* sceenIosApp.swift */ = {isa = PBXFileReference; lastKnownFileType = sourcecode.swift; path = sceenIosApp.swift; sourceTree = "<group>"; };
		0A8DB7FA2B0698D9006A447F /* Assets.xcassets */ = {isa = PBXFileReference; lastKnownFileType = folder.assetcatalog; path = Assets.xcassets; sourceTree = "<group>"; };
		0A8DB7FD2B0698D9006A447F /* Preview Assets.xcassets */ = {isa = PBXFileReference; lastKnownFileType = folder.assetcatalog; path = "Preview Assets.xcassets"; sourceTree = "<group>"; };
		0ACF8A742B089092009DA95E /* Info.plist */ = {isa = PBXFileReference; lastKnownFileType = text.plist; path = Info.plist; sourceTree = "<group>"; };
		0ACF8A7D2B0896F1009DA95E /* Fonts.swift */ = {isa = PBXFileReference; lastKnownFileType = sourcecode.swift; path = Fonts.swift; sourceTree = "<group>"; };
		0ACF8A802B089DEA009DA95E /* Colors.swift */ = {isa = PBXFileReference; lastKnownFileType = sourcecode.swift; path = Colors.swift; sourceTree = "<group>"; };
		0ACF8A862B08C462009DA95E /* Sizes.swift */ = {isa = PBXFileReference; lastKnownFileType = sourcecode.swift; path = Sizes.swift; sourceTree = "<group>"; };
		0ACF8A882B08D08C009DA95E /* SearchBar.swift */ = {isa = PBXFileReference; lastKnownFileType = sourcecode.swift; path = SearchBar.swift; sourceTree = "<group>"; };
		0ACF8A8A2B08D9DC009DA95E /* NearDoctorsBlock.swift */ = {isa = PBXFileReference; lastKnownFileType = sourcecode.swift; path = NearDoctorsBlock.swift; sourceTree = "<group>"; };
/* End PBXFileReference section */

/* Begin PBXFrameworksBuildPhase section */
		0A8DB7F02B0698D7006A447F /* Frameworks */ = {
			isa = PBXFrameworksBuildPhase;
			buildActionMask = 2147483647;
			files = (
			);
			runOnlyForDeploymentPostprocessing = 0;
		};
/* End PBXFrameworksBuildPhase section */

/* Begin PBXGroup section */
		0A074F062B08835E00625D4E /* ViewContent */ = {
			isa = PBXGroup;
			children = (
				0A39FFBA2B09EB6700EFE5C1 /* ProfileVIew */,
				0A39FFB92B09EB5900EFE5C1 /* MessagesView */,
				0A39FFB82B09EB4900EFE5C1 /* CalendarView */,
				0A39FFB62B09EAFF00EFE5C1 /* HomeView */,
				0A074F0B2B08866B00625D4E /* ContentView.swift */,
			);
			path = ViewContent;
			sourceTree = "<group>";
		};
		0A39FFB62B09EAFF00EFE5C1 /* HomeView */ = {
			isa = PBXGroup;
			children = (
				0A39FFB72B09EB1200EFE5C1 /* ComponentsView */,
				0A39FFB42B09EA1E00EFE5C1 /* HomeView.swift */,
			);
			path = HomeView;
			sourceTree = "<group>";
		};
		0A39FFB72B09EB1200EFE5C1 /* ComponentsView */ = {
			isa = PBXGroup;
			children = (
				0ACF8A882B08D08C009DA95E /* SearchBar.swift */,
				0A074F0D2B08873800625D4E /* BlueCard.swift */,
				0A074F0F2B0887F000625D4E /* OptionsBlock.swift */,
				0ACF8A8A2B08D9DC009DA95E /* NearDoctorsBlock.swift */,
				0A074F092B0885BB00625D4E /* Header.swift */,
			);
			path = ComponentsView;
			sourceTree = "<group>";
		};
		0A39FFB82B09EB4900EFE5C1 /* CalendarView */ = {
			isa = PBXGroup;
			children = (
				0A39FFAE2B09E4E100EFE5C1 /* CalendarView.swift */,
			);
			path = CalendarView;
			sourceTree = "<group>";
		};
		0A39FFB92B09EB5900EFE5C1 /* MessagesView */ = {
			isa = PBXGroup;
			children = (
				0A39FFB02B09E57100EFE5C1 /* MessagesView.swift */,
			);
			path = MessagesView;
			sourceTree = "<group>";
		};
		0A39FFBA2B09EB6700EFE5C1 /* ProfileVIew */ = {
			isa = PBXGroup;
			children = (
				0A39FFB22B09E5C600EFE5C1 /* ProfileVIew.swift */,
			);
			path = ProfileVIew;
			sourceTree = "<group>";
		};
		0A39FFBD2B09EC3C00EFE5C1 /* BackendData */ = {
			isa = PBXGroup;
			children = (
				0A39FFBE2B09EC4D00EFE5C1 /* Data.swift */,
			);
			path = BackendData;
			sourceTree = "<group>";
		};
		0A8DB7EA2B0698D7006A447F = {
			isa = PBXGroup;
			children = (
				0A8DB7F52B0698D7006A447F /* sceenIos */,
				0A8DB7F42B0698D7006A447F /* Products */,
			);
			sourceTree = "<group>";
		};
		0A8DB7F42B0698D7006A447F /* Products */ = {
			isa = PBXGroup;
			children = (
				0A8DB7F32B0698D7006A447F /* sceenIos.app */,
			);
			name = Products;
			sourceTree = "<group>";
		};
		0A8DB7F52B0698D7006A447F /* sceenIos */ = {
			isa = PBXGroup;
			children = (
				0A39FFBD2B09EC3C00EFE5C1 /* BackendData */,
				0ACF8A742B089092009DA95E /* Info.plist */,
				0ACF8A722B088F5D009DA95E /* Design */,
				0A074F062B08835E00625D4E /* ViewContent */,
				0A8DB7F62B0698D7006A447F /* sceenIosApp.swift */,
				0A8DB7FA2B0698D9006A447F /* Assets.xcassets */,
				0A8DB7FC2B0698D9006A447F /* Preview Content */,
			);
			path = sceenIos;
			sourceTree = "<group>";
		};
		0A8DB7FC2B0698D9006A447F /* Preview Content */ = {
			isa = PBXGroup;
			children = (
				0A8DB7FD2B0698D9006A447F /* Preview Assets.xcassets */,
			);
			path = "Preview Content";
			sourceTree = "<group>";
		};
		0ACF8A722B088F5D009DA95E /* Design */ = {
			isa = PBXGroup;
			children = (
				0ACF8A852B08C434009DA95E /* Sizes */,
				0ACF8A7F2B089DD6009DA95E /* Colors */,
				0ACF8A732B088F67009DA95E /* Fonts */,
			);
			path = Design;
			sourceTree = "<group>";
		};
		0ACF8A732B088F67009DA95E /* Fonts */ = {
			isa = PBXGroup;
			children = (
				0A776AEE2B08DBA6004AD1A6 /* Poppins-Bold.ttf */,
				0A776AEF2B08DBA6004AD1A6 /* Poppins-Light.ttf */,
				0A776AF02B08DBA6004AD1A6 /* Poppins-Regular.ttf */,
				0A776AF12B08DBA6004AD1A6 /* Poppins-SemiBold.ttf */,
				0A776AF22B08DBA6004AD1A6 /* Poppins-Thin.ttf */,
				0ACF8A7D2B0896F1009DA95E /* Fonts.swift */,
			);
			path = Fonts;
			sourceTree = "<group>";
		};
		0ACF8A7F2B089DD6009DA95E /* Colors */ = {
			isa = PBXGroup;
			children = (
				0ACF8A802B089DEA009DA95E /* Colors.swift */,
			);
			path = Colors;
			sourceTree = "<group>";
		};
		0ACF8A852B08C434009DA95E /* Sizes */ = {
			isa = PBXGroup;
			children = (
				0ACF8A862B08C462009DA95E /* Sizes.swift */,
			);
			path = Sizes;
			sourceTree = "<group>";
		};
/* End PBXGroup section */

/* Begin PBXNativeTarget section */
		0A8DB7F22B0698D7006A447F /* sceenIos */ = {
			isa = PBXNativeTarget;
			buildConfigurationList = 0A8DB8012B0698D9006A447F /* Build configuration list for PBXNativeTarget "sceenIos" */;
			buildPhases = (
				0A8DB7EF2B0698D7006A447F /* Sources */,
				0A8DB7F02B0698D7006A447F /* Frameworks */,
				0A8DB7F12B0698D7006A447F /* Resources */,
			);
			buildRules = (
			);
			dependencies = (
			);
			name = sceenIos;
			productName = sceenIos;
			productReference = 0A8DB7F32B0698D7006A447F /* sceenIos.app */;
			productType = "com.apple.product-type.application";
		};
/* End PBXNativeTarget section */

/* Begin PBXProject section */
		0A8DB7EB2B0698D7006A447F /* Project object */ = {
			isa = PBXProject;
			attributes = {
				BuildIndependentTargetsInParallel = 1;
				LastSwiftUpdateCheck = 1330;
				LastUpgradeCheck = 1330;
				TargetAttributes = {
					0A8DB7F22B0698D7006A447F = {
						CreatedOnToolsVersion = 13.3;
					};
				};
			};
			buildConfigurationList = 0A8DB7EE2B0698D7006A447F /* Build configuration list for PBXProject "sceenIos" */;
			compatibilityVersion = "Xcode 13.0";
			developmentRegion = en;
			hasScannedForEncodings = 0;
			knownRegions = (
				en,
				Base,
			);
			mainGroup = 0A8DB7EA2B0698D7006A447F;
			productRefGroup = 0A8DB7F42B0698D7006A447F /* Products */;
			projectDirPath = "";
			projectRoot = "";
			targets = (
				0A8DB7F22B0698D7006A447F /* sceenIos */,
			);
		};
/* End PBXProject section */

/* Begin PBXResourcesBuildPhase section */
		0A8DB7F12B0698D7006A447F /* Resources */ = {
			isa = PBXResourcesBuildPhase;
			buildActionMask = 2147483647;
			files = (
				0A8DB7FE2B0698D9006A447F /* Preview Assets.xcassets in Resources */,
				0A776AF72B08DBA6004AD1A6 /* Poppins-Thin.ttf in Resources */,
				0A776AF32B08DBA6004AD1A6 /* Poppins-Bold.ttf in Resources */,
				0A8DB7FB2B0698D9006A447F /* Assets.xcassets in Resources */,
				0A776AF62B08DBA6004AD1A6 /* Poppins-SemiBold.ttf in Resources */,
				0A776AF42B08DBA6004AD1A6 /* Poppins-Light.ttf in Resources */,
				0A776AF52B08DBA6004AD1A6 /* Poppins-Regular.ttf in Resources */,
			);
			runOnlyForDeploymentPostprocessing = 0;
		};
/* End PBXResourcesBuildPhase section */

/* Begin PBXSourcesBuildPhase section */
		0A8DB7EF2B0698D7006A447F /* Sources */ = {
			isa = PBXSourcesBuildPhase;
			buildActionMask = 2147483647;
			files = (
				0A074F102B0887F000625D4E /* OptionsBlock.swift in Sources */,
				0A39FFBF2B09EC4D00EFE5C1 /* Data.swift in Sources */,
				0A39FFB52B09EA1E00EFE5C1 /* HomeView.swift in Sources */,
				0A39FFB32B09E5C600EFE5C1 /* ProfileVIew.swift in Sources */,
				0A074F0A2B0885BB00625D4E /* Header.swift in Sources */,
				0ACF8A8B2B08D9DC009DA95E /* NearDoctorsBlock.swift in Sources */,
				0A8DB7F72B0698D7006A447F /* sceenIosApp.swift in Sources */,
				0ACF8A812B089DEA009DA95E /* Colors.swift in Sources */,
				0ACF8A872B08C462009DA95E /* Sizes.swift in Sources */,
				0A39FFAF2B09E4E100EFE5C1 /* CalendarView.swift in Sources */,
				0ACF8A892B08D08C009DA95E /* SearchBar.swift in Sources */,
				0A39FFB12B09E57100EFE5C1 /* MessagesView.swift in Sources */,
				0A074F0C2B08866B00625D4E /* ContentView.swift in Sources */,
				0ACF8A7E2B0896F1009DA95E /* Fonts.swift in Sources */,
				0A074F0E2B08873800625D4E /* BlueCard.swift in Sources */,
			);
			runOnlyForDeploymentPostprocessing = 0;
		};
/* End PBXSourcesBuildPhase section */

/* Begin XCBuildConfiguration section */
		0A8DB7FF2B0698D9006A447F /* Debug */ = {
			isa = XCBuildConfiguration;
			buildSettings = {
				ALWAYS_SEARCH_USER_PATHS = NO;
				CLANG_ANALYZER_NONNULL = YES;
				CLANG_ANALYZER_NUMBER_OBJECT_CONVERSION = YES_AGGRESSIVE;
				CLANG_CXX_LANGUAGE_STANDARD = "gnu++17";
				CLANG_ENABLE_MODULES = YES;
				CLANG_ENABLE_OBJC_ARC = YES;
				CLANG_ENABLE_OBJC_WEAK = YES;
				CLANG_WARN_BLOCK_CAPTURE_AUTORELEASING = YES;
				CLANG_WARN_BOOL_CONVERSION = YES;
				CLANG_WARN_COMMA = YES;
				CLANG_WARN_CONSTANT_CONVERSION = YES;
				CLANG_WARN_DEPRECATED_OBJC_IMPLEMENTATIONS = YES;
				CLANG_WARN_DIRECT_OBJC_ISA_USAGE = YES_ERROR;
				CLANG_WARN_DOCUMENTATION_COMMENTS = YES;
				CLANG_WARN_EMPTY_BODY = YES;
				CLANG_WARN_ENUM_CONVERSION = YES;
				CLANG_WARN_INFINITE_RECURSION = YES;
				CLANG_WARN_INT_CONVERSION = YES;
				CLANG_WARN_NON_LITERAL_NULL_CONVERSION = YES;
				CLANG_WARN_OBJC_IMPLICIT_RETAIN_SELF = YES;
				CLANG_WARN_OBJC_LITERAL_CONVERSION = YES;
				CLANG_WARN_OBJC_ROOT_CLASS = YES_ERROR;
				CLANG_WARN_QUOTED_INCLUDE_IN_FRAMEWORK_HEADER = YES;
				CLANG_WARN_RANGE_LOOP_ANALYSIS = YES;
				CLANG_WARN_STRICT_PROTOTYPES = YES;
				CLANG_WARN_SUSPICIOUS_MOVE = YES;
				CLANG_WARN_UNGUARDED_AVAILABILITY = YES_AGGRESSIVE;
				CLANG_WARN_UNREACHABLE_CODE = YES;
				CLANG_WARN__DUPLICATE_METHOD_MATCH = YES;
				COPY_PHASE_STRIP = NO;
				DEBUG_INFORMATION_FORMAT = dwarf;
				ENABLE_STRICT_OBJC_MSGSEND = YES;
				ENABLE_TESTABILITY = YES;
				GCC_C_LANGUAGE_STANDARD = gnu11;
				GCC_DYNAMIC_NO_PIC = NO;
				GCC_NO_COMMON_BLOCKS = YES;
				GCC_OPTIMIZATION_LEVEL = 0;
				GCC_PREPROCESSOR_DEFINITIONS = (
					"DEBUG=1",
					"$(inherited)",
				);
				GCC_WARN_64_TO_32_BIT_CONVERSION = YES;
				GCC_WARN_ABOUT_RETURN_TYPE = YES_ERROR;
				GCC_WARN_UNDECLARED_SELECTOR = YES;
				GCC_WARN_UNINITIALIZED_AUTOS = YES_AGGRESSIVE;
				GCC_WARN_UNUSED_FUNCTION = YES;
				GCC_WARN_UNUSED_VARIABLE = YES;
				IPHONEOS_DEPLOYMENT_TARGET = 15.4;
				MTL_ENABLE_DEBUG_INFO = INCLUDE_SOURCE;
				MTL_FAST_MATH = YES;
				ONLY_ACTIVE_ARCH = YES;
				SDKROOT = iphoneos;
				SWIFT_ACTIVE_COMPILATION_CONDITIONS = DEBUG;
				SWIFT_OPTIMIZATION_LEVEL = "-Onone";
			};
			name = Debug;
		};
		0A8DB8002B0698D9006A447F /* Release */ = {
			isa = XCBuildConfiguration;
			buildSettings = {
				ALWAYS_SEARCH_USER_PATHS = NO;
				CLANG_ANALYZER_NONNULL = YES;
				CLANG_ANALYZER_NUMBER_OBJECT_CONVERSION = YES_AGGRESSIVE;
				CLANG_CXX_LANGUAGE_STANDARD = "gnu++17";
				CLANG_ENABLE_MODULES = YES;
				CLANG_ENABLE_OBJC_ARC = YES;
				CLANG_ENABLE_OBJC_WEAK = YES;
				CLANG_WARN_BLOCK_CAPTURE_AUTORELEASING = YES;
				CLANG_WARN_BOOL_CONVERSION = YES;
				CLANG_WARN_COMMA = YES;
				CLANG_WARN_CONSTANT_CONVERSION = YES;
				CLANG_WARN_DEPRECATED_OBJC_IMPLEMENTATIONS = YES;
				CLANG_WARN_DIRECT_OBJC_ISA_USAGE = YES_ERROR;
				CLANG_WARN_DOCUMENTATION_COMMENTS = YES;
				CLANG_WARN_EMPTY_BODY = YES;
				CLANG_WARN_ENUM_CONVERSION = YES;
				CLANG_WARN_INFINITE_RECURSION = YES;
				CLANG_WARN_INT_CONVERSION = YES;
				CLANG_WARN_NON_LITERAL_NULL_CONVERSION = YES;
				CLANG_WARN_OBJC_IMPLICIT_RETAIN_SELF = YES;
				CLANG_WARN_OBJC_LITERAL_CONVERSION = YES;
				CLANG_WARN_OBJC_ROOT_CLASS = YES_ERROR;
				CLANG_WARN_QUOTED_INCLUDE_IN_FRAMEWORK_HEADER = YES;
				CLANG_WARN_RANGE_LOOP_ANALYSIS = YES;
				CLANG_WARN_STRICT_PROTOTYPES = YES;
				CLANG_WARN_SUSPICIOUS_MOVE = YES;
				CLANG_WARN_UNGUARDED_AVAILABILITY = YES_AGGRESSIVE;
				CLANG_WARN_UNREACHABLE_CODE = YES;
				CLANG_WARN__DUPLICATE_METHOD_MATCH = YES;
				COPY_PHASE_STRIP = NO;
				DEBUG_INFORMATION_FORMAT = "dwarf-with-dsym";
				ENABLE_NS_ASSERTIONS = NO;
				ENABLE_STRICT_OBJC_MSGSEND = YES;
				GCC_C_LANGUAGE_STANDARD = gnu11;
				GCC_NO_COMMON_BLOCKS = YES;
				GCC_WARN_64_TO_32_BIT_CONVERSION = YES;
				GCC_WARN_ABOUT_RETURN_TYPE = YES_ERROR;
				GCC_WARN_UNDECLARED_SELECTOR = YES;
				GCC_WARN_UNINITIALIZED_AUTOS = YES_AGGRESSIVE;
				GCC_WARN_UNUSED_FUNCTION = YES;
				GCC_WARN_UNUSED_VARIABLE = YES;
				IPHONEOS_DEPLOYMENT_TARGET = 15.4;
				MTL_ENABLE_DEBUG_INFO = NO;
				MTL_FAST_MATH = YES;
				SDKROOT = iphoneos;
				SWIFT_COMPILATION_MODE = wholemodule;
				SWIFT_OPTIMIZATION_LEVEL = "-O";
				VALIDATE_PRODUCT = YES;
			};
			name = Release;
		};
		0A8DB8022B0698D9006A447F /* Debug */ = {
			isa = XCBuildConfiguration;
			buildSettings = {
				ASSETCATALOG_COMPILER_APPICON_NAME = AppIcon;
				ASSETCATALOG_COMPILER_GLOBAL_ACCENT_COLOR_NAME = AccentColor;
				CODE_SIGN_STYLE = Automatic;
				CURRENT_PROJECT_VERSION = 1;
				DEVELOPMENT_ASSET_PATHS = "\"sceenIos/Preview Content\"";
				DEVELOPMENT_TEAM = 3G4XCKZK3L;
				ENABLE_PREVIEWS = YES;
				GENERATE_INFOPLIST_FILE = YES;
				INFOPLIST_FILE = sceenIos/Info.plist;
				INFOPLIST_KEY_UIApplicationSceneManifest_Generation = YES;
				INFOPLIST_KEY_UIApplicationSupportsIndirectInputEvents = YES;
				INFOPLIST_KEY_UILaunchScreen_Generation = YES;
				INFOPLIST_KEY_UISupportedInterfaceOrientations = UIInterfaceOrientationPortrait;
				INFOPLIST_KEY_UISupportedInterfaceOrientations_iPad = "UIInterfaceOrientationPortrait UIInterfaceOrientationPortraitUpsideDown UIInterfaceOrientationLandscapeLeft UIInterfaceOrientationLandscapeRight";
				INFOPLIST_KEY_UISupportedInterfaceOrientations_iPhone = "UIInterfaceOrientationPortrait UIInterfaceOrientationLandscapeLeft UIInterfaceOrientationLandscapeRight";
				LD_RUNPATH_SEARCH_PATHS = (
					"$(inherited)",
					"@executable_path/Frameworks",
				);
				MARKETING_VERSION = 1.0;
				PRODUCT_BUNDLE_IDENTIFIER = com.screen.sceenIos;
				PRODUCT_NAME = "$(TARGET_NAME)";
				SWIFT_EMIT_LOC_STRINGS = YES;
				SWIFT_VERSION = 5.0;
				TARGETED_DEVICE_FAMILY = 1;
			};
			name = Debug;
		};
		0A8DB8032B0698D9006A447F /* Release */ = {
			isa = XCBuildConfiguration;
			buildSettings = {
				ASSETCATALOG_COMPILER_APPICON_NAME = AppIcon;
				ASSETCATALOG_COMPILER_GLOBAL_ACCENT_COLOR_NAME = AccentColor;
				CODE_SIGN_STYLE = Automatic;
				CURRENT_PROJECT_VERSION = 1;
				DEVELOPMENT_ASSET_PATHS = "\"sceenIos/Preview Content\"";
				DEVELOPMENT_TEAM = 3G4XCKZK3L;
				ENABLE_PREVIEWS = YES;
				GENERATE_INFOPLIST_FILE = YES;
				INFOPLIST_FILE = sceenIos/Info.plist;
				INFOPLIST_KEY_UIApplicationSceneManifest_Generation = YES;
				INFOPLIST_KEY_UIApplicationSupportsIndirectInputEvents = YES;
				INFOPLIST_KEY_UILaunchScreen_Generation = YES;
				INFOPLIST_KEY_UISupportedInterfaceOrientations = UIInterfaceOrientationPortrait;
				INFOPLIST_KEY_UISupportedInterfaceOrientations_iPad = "UIInterfaceOrientationPortrait UIInterfaceOrientationPortraitUpsideDown UIInterfaceOrientationLandscapeLeft UIInterfaceOrientationLandscapeRight";
				INFOPLIST_KEY_UISupportedInterfaceOrientations_iPhone = "UIInterfaceOrientationPortrait UIInterfaceOrientationLandscapeLeft UIInterfaceOrientationLandscapeRight";
				LD_RUNPATH_SEARCH_PATHS = (
					"$(inherited)",
					"@executable_path/Frameworks",
				);
				MARKETING_VERSION = 1.0;
				PRODUCT_BUNDLE_IDENTIFIER = com.screen.sceenIos;
				PRODUCT_NAME = "$(TARGET_NAME)";
				SWIFT_EMIT_LOC_STRINGS = YES;
				SWIFT_VERSION = 5.0;
				TARGETED_DEVICE_FAMILY = 1;
			};
			name = Release;
		};
/* End XCBuildConfiguration section */

/* Begin XCConfigurationList section */
		0A8DB7EE2B0698D7006A447F /* Build configuration list for PBXProject "sceenIos" */ = {
			isa = XCConfigurationList;
			buildConfigurations = (
				0A8DB7FF2B0698D9006A447F /* Debug */,
				0A8DB8002B0698D9006A447F /* Release */,
			);
			defaultConfigurationIsVisible = 0;
			defaultConfigurationName = Release;
		};
		0A8DB8012B0698D9006A447F /* Build configuration list for PBXNativeTarget "sceenIos" */ = {
			isa = XCConfigurationList;
			buildConfigurations = (
				0A8DB8022B0698D9006A447F /* Debug */,
				0A8DB8032B0698D9006A447F /* Release */,
			);
			defaultConfigurationIsVisible = 0;
			defaultConfigurationName = Release;
		};
/* End XCConfigurationList section */
	};
	rootObject = 0A8DB7EB2B0698D7006A447F /* Project object */;
}
